
Microsoft Visual Studio Solution File, Format Version 12.00
# Visual Studio Version 16
VisualStudioVersion = 16.0.30717.126
MinimumVisualStudioVersion = 10.0.40219.1
Project("{FAE04EC0-301F-11D3-BF4B-00C04F79EFBC}") = "ShopApp", "ShopApp\ShopApp.csproj", "{A9A6A992-52E4-4CFD-81B4-612DA40948B2}"
EndProject
Project("{FAE04EC0-301F-11D3-BF4B-00C04F79EFBC}") = "ShopLib", "D:\IPI PAN\WPF\wpf1\wpf1\ShopLib\ShopLib\ShopLib.csproj", "{7276ABD3-5615-4BF3-9130-F29757979ED1}"
EndProject
Project("{FAE04EC0-301F-11D3-BF4B-00C04F79EFBC}") = "ShopConsole", "ShopConsole\ShopConsole.csproj", "{6716E2BB-090F-4D13-A678-BD89752FB205}"
EndProject
Global
	GlobalSection(SolutionConfigurationPlatforms) = preSolution
		Debug|Any CPU = Debug|Any CPU
		Release|Any CPU = Release|Any CPU
	EndGlobalSection
	GlobalSection(ProjectConfigurationPlatforms) = postSolution
		{A9A6A992-52E4-4CFD-81B4-612DA40948B2}.Debug|Any CPU.ActiveCfg = Debug|Any CPU
		{A9A6A992-52E4-4CFD-81B4-612DA40948B2}.Debug|Any CPU.Build.0 = Debug|Any CPU
		{A9A6A992-52E4-4CFD-81B4-612DA40948B2}.Release|Any CPU.ActiveCfg = Release|Any CPU
		{A9A6A992-52E4-4CFD-81B4-612DA40948B2}.Release|Any CPU.Build.0 = Release|Any CPU
		{7276ABD3-5615-4BF3-9130-F29757979ED1}.Debug|Any CPU.ActiveCfg = Debug|Any CPU
		{7276ABD3-5615-4BF3-9130-F29757979ED1}.Debug|Any CPU.Build.0 = Debug|Any CPU
		{7276ABD3-5615-4BF3-9130-F29757979ED1}.Release|Any CPU.ActiveCfg = Release|Any CPU
		{7276ABD3-5615-4BF3-9130-F29757979ED1}.Release|Any CPU.Build.0 = Release|Any CPU
		{6716E2BB-090F-4D13-A678-BD89752FB205}.Debug|Any CPU.ActiveCfg = Debug|Any CPU
		{6716E2BB-090F-4D13-A678-BD89752FB205}.Debug|Any CPU.Build.0 = Debug|Any CPU
		{6716E2BB-090F-4D13-A678-BD89752FB205}.Release|Any CPU.ActiveCfg = Release|Any CPU
		{6716E2BB-090F-4D13-A678-BD89752FB205}.Release|Any CPU.Build.0 = Release|Any CPU
	EndGlobalSection
	GlobalSection(SolutionProperties) = preSolution
		HideSolutionNode = FALSE
	EndGlobalSection
	GlobalSection(ExtensibilityGlobals) = postSolution
		SolutionGuid = {8489CEB8-B332-491E-973E-9B14C5B8387E}
	EndGlobalSection
EndGlobal
